
Microsoft Visual Studio Solution File, Format Version 12.00
# Visual Studio 2013
VisualStudioVersion = 12.0.31101.0
MinimumVisualStudioVersion = 10.0.40219.1
Project("{FAE04EC0-301F-11D3-BF4B-00C04F79EFBC}") = "SquidReports.DataCollector", "SquidReports.DataCollector\SquidReports.DataCollector.csproj", "{8EBC2E9A-7DEC-41CF-ADBB-F604DADAE76B}"
EndProject
Project("{FAE04EC0-301F-11D3-BF4B-00C04F79EFBC}") = "SquidReports.DataCollector.Interface", "SquidReports.DataCollector.Interface\SquidReports.DataCollector.Interface.csproj", "{3B58A5C3-A625-4C37-BDE2-69A998F1E838}"
EndProject
Project("{FAE04EC0-301F-11D3-BF4B-00C04F79EFBC}") = "SquidReports.DataCollector.Plugin.Test", "SquidReports.DataCollector.Plugin.Test\SquidReports.DataCollector.Plugin.Test.csproj", "{AC579173-906C-4D77-B95A-25CA51EA3301}"
EndProject
Project("{FAE04EC0-301F-11D3-BF4B-00C04F79EFBC}") = "SquidReports.DataCollector.Plugin.BES", "SquidReports.DataCollector.Plugin.BES\SquidReports.DataCollector.Plugin.BES.csproj", "{E2C2228D-B1D0-4E0F-9956-F2481998E568}"
EndProject
Global
	GlobalSection(SolutionConfigurationPlatforms) = preSolution
		Debug|Any CPU = Debug|Any CPU
		Debug|Mixed Platforms = Debug|Mixed Platforms
		Debug|x86 = Debug|x86
		Release|Any CPU = Release|Any CPU
		Release|Mixed Platforms = Release|Mixed Platforms
		Release|x86 = Release|x86
	EndGlobalSection
	GlobalSection(ProjectConfigurationPlatforms) = postSolution
		{8EBC2E9A-7DEC-41CF-ADBB-F604DADAE76B}.Debug|Any CPU.ActiveCfg = Debug|Any CPU
		{8EBC2E9A-7DEC-41CF-ADBB-F604DADAE76B}.Debug|Any CPU.Build.0 = Debug|Any CPU
		{8EBC2E9A-7DEC-41CF-ADBB-F604DADAE76B}.Debug|Mixed Platforms.ActiveCfg = Debug|x86
		{8EBC2E9A-7DEC-41CF-ADBB-F604DADAE76B}.Debug|Mixed Platforms.Build.0 = Debug|x86
		{8EBC2E9A-7DEC-41CF-ADBB-F604DADAE76B}.Debug|x86.ActiveCfg = Debug|x86
		{8EBC2E9A-7DEC-41CF-ADBB-F604DADAE76B}.Debug|x86.Build.0 = Debug|x86
		{8EBC2E9A-7DEC-41CF-ADBB-F604DADAE76B}.Release|Any CPU.ActiveCfg = Release|Any CPU
		{8EBC2E9A-7DEC-41CF-ADBB-F604DADAE76B}.Release|Any CPU.Build.0 = Release|Any CPU
		{8EBC2E9A-7DEC-41CF-ADBB-F604DADAE76B}.Release|Mixed Platforms.ActiveCfg = Release|x86
		{8EBC2E9A-7DEC-41CF-ADBB-F604DADAE76B}.Release|Mixed Platforms.Build.0 = Release|x86
		{8EBC2E9A-7DEC-41CF-ADBB-F604DADAE76B}.Release|x86.ActiveCfg = Release|x86
		{8EBC2E9A-7DEC-41CF-ADBB-F604DADAE76B}.Release|x86.Build.0 = Release|x86
		{3B58A5C3-A625-4C37-BDE2-69A998F1E838}.Debug|Any CPU.ActiveCfg = Debug|Any CPU
		{3B58A5C3-A625-4C37-BDE2-69A998F1E838}.Debug|Any CPU.Build.0 = Debug|Any CPU
		{3B58A5C3-A625-4C37-BDE2-69A998F1E838}.Debug|Mixed Platforms.ActiveCfg = Debug|x86
		{3B58A5C3-A625-4C37-BDE2-69A998F1E838}.Debug|Mixed Platforms.Build.0 = Debug|x86
		{3B58A5C3-A625-4C37-BDE2-69A998F1E838}.Debug|x86.ActiveCfg = Debug|x86
		{3B58A5C3-A625-4C37-BDE2-69A998F1E838}.Debug|x86.Build.0 = Debug|x86
		{3B58A5C3-A625-4C37-BDE2-69A998F1E838}.Release|Any CPU.ActiveCfg = Release|Any CPU
		{3B58A5C3-A625-4C37-BDE2-69A998F1E838}.Release|Any CPU.Build.0 = Release|Any CPU
		{3B58A5C3-A625-4C37-BDE2-69A998F1E838}.Release|Mixed Platforms.ActiveCfg = Release|x86
		{3B58A5C3-A625-4C37-BDE2-69A998F1E838}.Release|Mixed Platforms.Build.0 = Release|x86
		{3B58A5C3-A625-4C37-BDE2-69A998F1E838}.Release|x86.ActiveCfg = Release|x86
		{3B58A5C3-A625-4C37-BDE2-69A998F1E838}.Release|x86.Build.0 = Release|x86
		{AC579173-906C-4D77-B95A-25CA51EA3301}.Debug|Any CPU.ActiveCfg = Debug|Any CPU
		{AC579173-906C-4D77-B95A-25CA51EA3301}.Debug|Any CPU.Build.0 = Debug|Any CPU
		{AC579173-906C-4D77-B95A-25CA51EA3301}.Debug|Mixed Platforms.ActiveCfg = Debug|Any CPU
		{AC579173-906C-4D77-B95A-25CA51EA3301}.Debug|Mixed Platforms.Build.0 = Debug|Any CPU
		{AC579173-906C-4D77-B95A-25CA51EA3301}.Debug|x86.ActiveCfg = Debug|x86
		{AC579173-906C-4D77-B95A-25CA51EA3301}.Debug|x86.Build.0 = Debug|x86
		{AC579173-906C-4D77-B95A-25CA51EA3301}.Release|Any CPU.ActiveCfg = Release|Any CPU
		{AC579173-906C-4D77-B95A-25CA51EA3301}.Release|Any CPU.Build.0 = Release|Any CPU
		{AC579173-906C-4D77-B95A-25CA51EA3301}.Release|Mixed Platforms.ActiveCfg = Release|Any CPU
		{AC579173-906C-4D77-B95A-25CA51EA3301}.Release|Mixed Platforms.Build.0 = Release|Any CPU
		{AC579173-906C-4D77-B95A-25CA51EA3301}.Release|x86.ActiveCfg = Release|x86
		{AC579173-906C-4D77-B95A-25CA51EA3301}.Release|x86.Build.0 = Release|x86
		{E2C2228D-B1D0-4E0F-9956-F2481998E568}.Debug|Any CPU.ActiveCfg = Debug|Any CPU
		{E2C2228D-B1D0-4E0F-9956-F2481998E568}.Debug|Any CPU.Build.0 = Debug|Any CPU
		{E2C2228D-B1D0-4E0F-9956-F2481998E568}.Debug|Mixed Platforms.ActiveCfg = Debug|Any CPU
		{E2C2228D-B1D0-4E0F-9956-F2481998E568}.Debug|Mixed Platforms.Build.0 = Debug|Any CPU
		{E2C2228D-B1D0-4E0F-9956-F2481998E568}.Debug|x86.ActiveCfg = Debug|x86
		{E2C2228D-B1D0-4E0F-9956-F2481998E568}.Debug|x86.Build.0 = Debug|x86
		{E2C2228D-B1D0-4E0F-9956-F2481998E568}.Release|Any CPU.ActiveCfg = Release|Any CPU
		{E2C2228D-B1D0-4E0F-9956-F2481998E568}.Release|Any CPU.Build.0 = Release|Any CPU
		{E2C2228D-B1D0-4E0F-9956-F2481998E568}.Release|Mixed Platforms.ActiveCfg = Release|Any CPU
		{E2C2228D-B1D0-4E0F-9956-F2481998E568}.Release|Mixed Platforms.Build.0 = Release|Any CPU
		{E2C2228D-B1D0-4E0F-9956-F2481998E568}.Release|x86.ActiveCfg = Release|x86
		{E2C2228D-B1D0-4E0F-9956-F2481998E568}.Release|x86.Build.0 = Release|x86
	EndGlobalSection
	GlobalSection(SolutionProperties) = preSolution
		HideSolutionNode = FALSE
	EndGlobalSection
EndGlobal
